
Microsoft Visual Studio Solution File, Format Version 12.00
# Visual Studio Version 16
VisualStudioVersion = 16.0.31019.35
MinimumVisualStudioVersion = 10.0.40219.1
Project("{FAE04EC0-301F-11D3-BF4B-00C04F79EFBC}") = "VoxelGame", "VoxelGame\VoxelGame.csproj", "{A67DC53D-C498-40D9-A587-8F7EA9C4CF7B}"
EndProject
Global
	GlobalSection(SolutionConfigurationPlatforms) = preSolution
		Debug|Any CPU = Debug|Any CPU
		Release|Any CPU = Release|Any CPU
	EndGlobalSection
	GlobalSection(ProjectConfigurationPlatforms) = postSolution
		{A67DC53D-C498-40D9-A587-8F7EA9C4CF7B}.Debug|Any CPU.ActiveCfg = Debug|Any CPU
		{A67DC53D-C498-40D9-A587-8F7EA9C4CF7B}.Debug|Any CPU.Build.0 = Debug|Any CPU
		{A67DC53D-C498-40D9-A587-8F7EA9C4CF7B}.Release|Any CPU.ActiveCfg = Release|Any CPU
		{A67DC53D-C498-40D9-A587-8F7EA9C4CF7B}.Release|Any CPU.Build.0 = Release|Any CPU
	EndGlobalSection
	GlobalSection(SolutionProperties) = preSolution
		HideSolutionNode = FALSE
	EndGlobalSection
	GlobalSection(ExtensibilityGlobals) = postSolution
		SolutionGuid = {20A5214E-4C42-4344-8E76-5C3F72DECDE8}
	EndGlobalSection
EndGlobal
